
Microsoft Visual Studio Solution File, Format Version 12.00
# Visual Studio Version 17
VisualStudioVersion = 17.7.34031.279
MinimumVisualStudioVersion = 10.0.40219.1
Project("{FAE04EC0-301F-11D3-BF4B-00C04F79EFBC}") = "Perestanovki", "Perestanovki\Perestanovki.csproj", "{DB2C9736-75D5-4DCE-87D2-C9FA1CF26987}"
EndProject
Global
	GlobalSection(SolutionConfigurationPlatforms) = preSolution
		Debug|Any CPU = Debug|Any CPU
		Release|Any CPU = Release|Any CPU
	EndGlobalSection
	GlobalSection(ProjectConfigurationPlatforms) = postSolution
		{DB2C9736-75D5-4DCE-87D2-C9FA1CF26987}.Debug|Any CPU.ActiveCfg = Debug|Any CPU
		{DB2C9736-75D5-4DCE-87D2-C9FA1CF26987}.Debug|Any CPU.Build.0 = Debug|Any CPU
		{DB2C9736-75D5-4DCE-87D2-C9FA1CF26987}.Release|Any CPU.ActiveCfg = Release|Any CPU
		{DB2C9736-75D5-4DCE-87D2-C9FA1CF26987}.Release|Any CPU.Build.0 = Release|Any CPU
	EndGlobalSection
	GlobalSection(SolutionProperties) = preSolution
		HideSolutionNode = FALSE
	EndGlobalSection
	GlobalSection(ExtensibilityGlobals) = postSolution
		SolutionGuid = {C6F914BE-0A3D-40A6-B8CB-C2E95F26D41D}
	EndGlobalSection
EndGlobal
